
Microsoft Visual Studio Solution File, Format Version 12.00
# Visual Studio 14
VisualStudioVersion = 14.0.25420.1
MinimumVisualStudioVersion = 10.0.40219.1
Project("{FAE04EC0-301F-11D3-BF4B-00C04F79EFBC}") = "DeveloperInterview", "DeveloperInterview\DeveloperInterview.csproj", "{B3550EFB-6F71-417F-ACCB-4019664F49C1}"
EndProject
Project("{FAE04EC0-301F-11D3-BF4B-00C04F79EFBC}") = "DeveloperInterview.Tests", "DeveloperInterview.Tests\DeveloperInterview.Tests.csproj", "{FB8922CE-9763-4F0D-BA78-375FB181A6CF}"
EndProject
Global
	GlobalSection(SolutionConfigurationPlatforms) = preSolution
		Debug|Any CPU = Debug|Any CPU
		Release|Any CPU = Release|Any CPU
	EndGlobalSection
	GlobalSection(ProjectConfigurationPlatforms) = postSolution
		{B3550EFB-6F71-417F-ACCB-4019664F49C1}.Debug|Any CPU.ActiveCfg = Debug|Any CPU
		{B3550EFB-6F71-417F-ACCB-4019664F49C1}.Debug|Any CPU.Build.0 = Debug|Any CPU
		{B3550EFB-6F71-417F-ACCB-4019664F49C1}.Release|Any CPU.ActiveCfg = Release|Any CPU
		{B3550EFB-6F71-417F-ACCB-4019664F49C1}.Release|Any CPU.Build.0 = Release|Any CPU
		{FB8922CE-9763-4F0D-BA78-375FB181A6CF}.Debug|Any CPU.ActiveCfg = Debug|Any CPU
		{FB8922CE-9763-4F0D-BA78-375FB181A6CF}.Debug|Any CPU.Build.0 = Debug|Any CPU
		{FB8922CE-9763-4F0D-BA78-375FB181A6CF}.Release|Any CPU.ActiveCfg = Release|Any CPU
		{FB8922CE-9763-4F0D-BA78-375FB181A6CF}.Release|Any CPU.Build.0 = Release|Any CPU
	EndGlobalSection
	GlobalSection(SolutionProperties) = preSolution
		HideSolutionNode = FALSE
	EndGlobalSection
EndGlobal
